{
  "name": "badgen",
  "version": "0.0.1",
  "lockfileVersion": 1,
  "requires": true,
  "dependencies": {
    "fast-decode-uri-component": {
      "version": "1.0.0",
      "resolved": "https://registry.npmjs.org/fast-decode-uri-component/-/fast-decode-uri-component-1.0.0.tgz",
      "integrity": "sha512-WQSYVKn6tDW/3htASeUkrx5LcnuTENQIZQPCVlwdnvIJ7bYtSpoJYq38MgUJnx1CQIR1gjZ8HJxAEcN4gqugBg==",
      "dev": true
    },
    "find-my-way": {
      "version": "1.13.0",
      "resolved": "https://registry.npmjs.org/find-my-way/-/find-my-way-1.13.0.tgz",
      "integrity": "sha512-aIa4UTxZ3klfApaQEJJ5cQvNeqfrxVngcjMgy+G5ygkrOrDPkORhY/RMH6F8mLwBpPt3Z0F03CtzN7gs2Q5H1w==",
      "dev": true,
      "requires": {
        "fast-decode-uri-component": "^1.0.0",
        "safe-regex": "^1.1.0"
      }
    },
    "ret": {
      "version": "0.1.15",
      "resolved": "https://registry.npmjs.org/ret/-/ret-0.1.15.tgz",
      "integrity": "sha512-TTlYpa+OL+vMMNG24xSlQGEJ3B/RzEfUlLct7b5G/ytav+wPrplCpVMFuwzXbkecJrb6IYo1iFb0S9v37754mg==",
      "dev": true
    },
    "safe-regex": {
      "version": "1.1.0",
      "resolved": "https://registry.npmjs.org/safe-regex/-/safe-regex-1.1.0.tgz",
      "integrity": "sha1-QKNmnzsHfR6UPURinhV91IAjvy4=",
      "dev": true,
      "requires": {
        "ret": "~0.1.10"
      }
    }
  }
}
